// !$*UTF8*$!
{
	archiveVersion = 1;
	classes = {
	};
	objectVersion = 50;
	objects = {

/* Begin PBXBuildFile section */
		9F33B3FC26A0868B004DA60D /* AppDelegate.swift in Sources */ = {isa = PBXBuildFile; fileRef = 9F33B3FB26A0868B004DA60D /* AppDelegate.swift */; };
		9F33B3FE26A0868B004DA60D /* SceneDelegate.swift in Sources */ = {isa = PBXBuildFile; fileRef = 9F33B3FD26A0868B004DA60D /* SceneDelegate.swift */; };
		9F33B40026A0868B004DA60D /* ViewController.swift in Sources */ = {isa = PBXBuildFile; fileRef = 9F33B3FF26A0868B004DA60D /* ViewController.swift */; };
		9F33B40326A0868B004DA60D /* Main.storyboard in Resources */ = {isa = PBXBuildFile; fileRef = 9F33B40126A0868B004DA60D /* Main.storyboard */; };
		9F33B40526A0868E004DA60D /* Assets.xcassets in Resources */ = {isa = PBXBuildFile; fileRef = 9F33B40426A0868E004DA60D /* Assets.xcassets */; };
		9F33B40826A0868E004DA60D /* LaunchScreen.storyboard in Resources */ = {isa = PBXBuildFile; fileRef = 9F33B40626A0868E004DA60D /* LaunchScreen.storyboard */; };
		9F33B41326A0868F004DA60D /* practice2Tests.swift in Sources */ = {isa = PBXBuildFile; fileRef = 9F33B41226A0868F004DA60D /* practice2Tests.swift */; };
		9F33B41E26A0868F004DA60D /* practice2UITests.swift in Sources */ = {isa = PBXBuildFile; fileRef = 9F33B41D26A0868F004DA60D /* practice2UITests.swift */; };
		9F33B42D26A08D45004DA60D /* TableViewCellFirstType.swift in Sources */ = {isa = PBXBuildFile; fileRef = 9F33B42B26A08D45004DA60D /* TableViewCellFirstType.swift */; };
		9F33B42E26A08D45004DA60D /* TableViewCellFirstType.xib in Resources */ = {isa = PBXBuildFile; fileRef = 9F33B42C26A08D45004DA60D /* TableViewCellFirstType.xib */; };
		9F33B43326A09062004DA60D /* TableViewCellSecondType.swift in Sources */ = {isa = PBXBuildFile; fileRef = 9F33B43126A09062004DA60D /* TableViewCellSecondType.swift */; };
		9F33B43426A09062004DA60D /* TableViewCellSecondType.xib in Resources */ = {isa = PBXBuildFile; fileRef = 9F33B43226A09062004DA60D /* TableViewCellSecondType.xib */; };
		9F57DCEC26A2A003009FDF36 /* TableViewCellThirdType.swift in Sources */ = {isa = PBXBuildFile; fileRef = 9F57DCEA26A2A003009FDF36 /* TableViewCellThirdType.swift */; };
		9F57DCED26A2A003009FDF36 /* TableViewCellThirdType.xib in Resources */ = {isa = PBXBuildFile; fileRef = 9F57DCEB26A2A003009FDF36 /* TableViewCellThirdType.xib */; };
		9F69A10226A60ED300BE4C71 /* CollectionViewCell.swift in Sources */ = {isa = PBXBuildFile; fileRef = 9F69A10026A60ED300BE4C71 /* CollectionViewCell.swift */; };
		9F69A10326A60ED300BE4C71 /* CollectionViewCell.xib in Resources */ = {isa = PBXBuildFile; fileRef = 9F69A10126A60ED300BE4C71 /* CollectionViewCell.xib */; };
		9F82BBDE26AF3F4A0025F6C2 /* NetWorking.swift in Sources */ = {isa = PBXBuildFile; fileRef = 9F82BBDD26AF3F4A0025F6C2 /* NetWorking.swift */; };
		9F91DECD26B12212003A96E7 /* NetWorkData.swift in Sources */ = {isa = PBXBuildFile; fileRef = 9F91DECC26B12212003A96E7 /* NetWorkData.swift */; };
		9F9EFC3326B3203D0072E402 /* cellProtocol.swift in Sources */ = {isa = PBXBuildFile; fileRef = 9F9EFC3226B3203D0072E402 /* cellProtocol.swift */; };
/* End PBXBuildFile section */

/* Begin PBXContainerItemProxy section */
		9F33B40F26A0868F004DA60D /* PBXContainerItemProxy */ = {
			isa = PBXContainerItemProxy;
			containerPortal = 9F33B3F026A0868B004DA60D /* Project object */;
			proxyType = 1;
			remoteGlobalIDString = 9F33B3F726A0868B004DA60D;
			remoteInfo = practice2;
		};
		9F33B41A26A0868F004DA60D /* PBXContainerItemProxy */ = {
			isa = PBXContainerItemProxy;
			containerPortal = 9F33B3F026A0868B004DA60D /* Project object */;
			proxyType = 1;
			remoteGlobalIDString = 9F33B3F726A0868B004DA60D;
			remoteInfo = practice2;
		};
/* End PBXContainerItemProxy section */

/* Begin PBXFileReference section */
		093A9FE164E4746CE953044F /* Pods-practice2-practice2UITests.release.xcconfig */ = {isa = PBXFileReference; includeInIndex = 1; lastKnownFileType = text.xcconfig; name = "Pods-practice2-practice2UITests.release.xcconfig"; path = "Target Support Files/Pods-practice2-practice2UITests/Pods-practice2-practice2UITests.release.xcconfig"; sourceTree = "<group>"; };
		5D88AE7B6F7699D597E8D501 /* Pods-practice2.release.xcconfig */ = {isa = PBXFileReference; includeInIndex = 1; lastKnownFileType = text.xcconfig; name = "Pods-practice2.release.xcconfig"; path = "Target Support Files/Pods-practice2/Pods-practice2.release.xcconfig"; sourceTree = "<group>"; };
		90AF0B28EFF479814C504AB7 /* Pods-practice2-practice2UITests.debug.xcconfig */ = {isa = PBXFileReference; includeInIndex = 1; lastKnownFileType = text.xcconfig; name = "Pods-practice2-practice2UITests.debug.xcconfig"; path = "Target Support Files/Pods-practice2-practice2UITests/Pods-practice2-practice2UITests.debug.xcconfig"; sourceTree = "<group>"; };
		9F33B3F826A0868B004DA60D /* practice2.app */ = {isa = PBXFileReference; explicitFileType = wrapper.application; includeInIndex = 0; path = practice2.app; sourceTree = BUILT_PRODUCTS_DIR; };
		9F33B3FB26A0868B004DA60D /* AppDelegate.swift */ = {isa = PBXFileReference; lastKnownFileType = sourcecode.swift; path = AppDelegate.swift; sourceTree = "<group>"; };
		9F33B3FD26A0868B004DA60D /* SceneDelegate.swift */ = {isa = PBXFileReference; lastKnownFileType = sourcecode.swift; path = SceneDelegate.swift; sourceTree = "<group>"; };
		9F33B3FF26A0868B004DA60D /* ViewController.swift */ = {isa = PBXFileReference; lastKnownFileType = sourcecode.swift; path = ViewController.swift; sourceTree = "<group>"; };
		9F33B40226A0868B004DA60D /* Base */ = {isa = PBXFileReference; lastKnownFileType = file.storyboard; name = Base; path = Base.lproj/Main.storyboard; sourceTree = "<group>"; };
		9F33B40426A0868E004DA60D /* Assets.xcassets */ = {isa = PBXFileReference; lastKnownFileType = folder.assetcatalog; path = Assets.xcassets; sourceTree = "<group>"; };
		9F33B40726A0868E004DA60D /* Base */ = {isa = PBXFileReference; lastKnownFileType = file.storyboard; name = Base; path = Base.lproj/LaunchScreen.storyboard; sourceTree = "<group>"; };
		9F33B40926A0868E004DA60D /* Info.plist */ = {isa = PBXFileReference; lastKnownFileType = text.plist.xml; path = Info.plist; sourceTree = "<group>"; };
		9F33B40E26A0868F004DA60D /* practice2Tests.xctest */ = {isa = PBXFileReference; explicitFileType = wrapper.cfbundle; includeInIndex = 0; path = practice2Tests.xctest; sourceTree = BUILT_PRODUCTS_DIR; };
		9F33B41226A0868F004DA60D /* practice2Tests.swift */ = {isa = PBXFileReference; lastKnownFileType = sourcecode.swift; path = practice2Tests.swift; sourceTree = "<group>"; };
		9F33B41426A0868F004DA60D /* Info.plist */ = {isa = PBXFileReference; lastKnownFileType = text.plist.xml; path = Info.plist; sourceTree = "<group>"; };
		9F33B41926A0868F004DA60D /* practice2UITests.xctest */ = {isa = PBXFileReference; explicitFileType = wrapper.cfbundle; includeInIndex = 0; path = practice2UITests.xctest; sourceTree = BUILT_PRODUCTS_DIR; };
		9F33B41D26A0868F004DA60D /* practice2UITests.swift */ = {isa = PBXFileReference; lastKnownFileType = sourcecode.swift; path = practice2UITests.swift; sourceTree = "<group>"; };
		9F33B41F26A0868F004DA60D /* Info.plist */ = {isa = PBXFileReference; lastKnownFileType = text.plist.xml; path = Info.plist; sourceTree = "<group>"; };
		9F33B42B26A08D45004DA60D /* TableViewCellFirstType.swift */ = {isa = PBXFileReference; lastKnownFileType = sourcecode.swift; path = TableViewCellFirstType.swift; sourceTree = "<group>"; };
		9F33B42C26A08D45004DA60D /* TableViewCellFirstType.xib */ = {isa = PBXFileReference; lastKnownFileType = file.xib; path = TableViewCellFirstType.xib; sourceTree = "<group>"; };
		9F33B43126A09062004DA60D /* TableViewCellSecondType.swift */ = {isa = PBXFileReference; lastKnownFileType = sourcecode.swift; path = TableViewCellSecondType.swift; sourceTree = "<group>"; };
		9F33B43226A09062004DA60D /* TableViewCellSecondType.xib */ = {isa = PBXFileReference; lastKnownFileType = file.xib; path = TableViewCellSecondType.xib; sourceTree = "<group>"; };
		9F57DCEA26A2A003009FDF36 /* TableViewCellThirdType.swift */ = {isa = PBXFileReference; lastKnownFileType = sourcecode.swift; path = TableViewCellThirdType.swift; sourceTree = "<group>"; };
		9F57DCEB26A2A003009FDF36 /* TableViewCellThirdType.xib */ = {isa = PBXFileReference; lastKnownFileType = file.xib; path = TableViewCellThirdType.xib; sourceTree = "<group>"; };
		9F69A10026A60ED300BE4C71 /* CollectionViewCell.swift */ = {isa = PBXFileReference; lastKnownFileType = sourcecode.swift; path = CollectionViewCell.swift; sourceTree = "<group>"; };
		9F69A10126A60ED300BE4C71 /* CollectionViewCell.xib */ = {isa = PBXFileReference; lastKnownFileType = file.xib; path = CollectionViewCell.xib; sourceTree = "<group>"; };
		9F82BBDD26AF3F4A0025F6C2 /* NetWorking.swift */ = {isa = PBXFileReference; lastKnownFileType = sourcecode.swift; path = NetWorking.swift; sourceTree = "<group>"; };
		9F91DECC26B12212003A96E7 /* NetWorkData.swift */ = {isa = PBXFileReference; lastKnownFileType = sourcecode.swift; path = NetWorkData.swift; sourceTree = "<group>"; };
		9F9EFC3226B3203D0072E402 /* cellProtocol.swift */ = {isa = PBXFileReference; lastKnownFileType = sourcecode.swift; path = cellProtocol.swift; sourceTree = "<group>"; };
		CBE25F71382A66716F715274 /* Pods-practice2Tests.debug.xcconfig */ = {isa = PBXFileReference; includeInIndex = 1; lastKnownFileType = text.xcconfig; name = "Pods-practice2Tests.debug.xcconfig"; path = "Target Support Files/Pods-practice2Tests/Pods-practice2Tests.debug.xcconfig"; sourceTree = "<group>"; };
		DEEF10350F06CADD23AEE8BF /* Pods-practice2Tests.release.xcconfig */ = {isa = PBXFileReference; includeInIndex = 1; lastKnownFileType = text.xcconfig; name = "Pods-practice2Tests.release.xcconfig"; path = "Target Support Files/Pods-practice2Tests/Pods-practice2Tests.release.xcconfig"; sourceTree = "<group>"; };
		F6FE7BD73B83B66632358FFD /* Pods-practice2.debug.xcconfig */ = {isa = PBXFileReference; includeInIndex = 1; lastKnownFileType = text.xcconfig; name = "Pods-practice2.debug.xcconfig"; path = "Target Support Files/Pods-practice2/Pods-practice2.debug.xcconfig"; sourceTree = "<group>"; };
/* End PBXFileReference section */

/* Begin PBXFrameworksBuildPhase section */
		9F33B3F526A0868B004DA60D /* Frameworks */ = {
			isa = PBXFrameworksBuildPhase;
			buildActionMask = 2147483647;
			files = (
			);
			runOnlyForDeploymentPostprocessing = 0;
		};
		9F33B40B26A0868F004DA60D /* Frameworks */ = {
			isa = PBXFrameworksBuildPhase;
			buildActionMask = 2147483647;
			files = (
			);
			runOnlyForDeploymentPostprocessing = 0;
		};
		9F33B41626A0868F004DA60D /* Frameworks */ = {
			isa = PBXFrameworksBuildPhase;
			buildActionMask = 2147483647;
			files = (
			);
			runOnlyForDeploymentPostprocessing = 0;
		};
/* End PBXFrameworksBuildPhase section */

/* Begin PBXGroup section */
		9F33B3EF26A0868B004DA60D = {
			isa = PBXGroup;
			children = (
				9F33B3FA26A0868B004DA60D /* practice2 */,
				9F33B41126A0868F004DA60D /* practice2Tests */,
				9F33B41C26A0868F004DA60D /* practice2UITests */,
				9F33B3F926A0868B004DA60D /* Products */,
				F83F5888FBE0E3C7FBEF9FFE /* Pods */,
			);
			sourceTree = "<group>";
		};
		9F33B3F926A0868B004DA60D /* Products */ = {
			isa = PBXGroup;
			children = (
				9F33B3F826A0868B004DA60D /* practice2.app */,
				9F33B40E26A0868F004DA60D /* practice2Tests.xctest */,
				9F33B41926A0868F004DA60D /* practice2UITests.xctest */,
			);
			name = Products;
			sourceTree = "<group>";
		};
		9F33B3FA26A0868B004DA60D /* practice2 */ = {
			isa = PBXGroup;
			children = (
				9F33B3FB26A0868B004DA60D /* AppDelegate.swift */,
				9F33B3FD26A0868B004DA60D /* SceneDelegate.swift */,
				9F33B3FF26A0868B004DA60D /* ViewController.swift */,
				9F82BBDD26AF3F4A0025F6C2 /* NetWorking.swift */,
				9F91DECC26B12212003A96E7 /* NetWorkData.swift */,
				9F33B40126A0868B004DA60D /* Main.storyboard */,
				9F33B42F26A08D4B004DA60D /* Cells */,
				9F33B40426A0868E004DA60D /* Assets.xcassets */,
				9F33B40626A0868E004DA60D /* LaunchScreen.storyboard */,
				9F33B40926A0868E004DA60D /* Info.plist */,
			);
			path = practice2;
			sourceTree = "<group>";
		};
		9F33B41126A0868F004DA60D /* practice2Tests */ = {
			isa = PBXGroup;
			children = (
				9F33B41226A0868F004DA60D /* practice2Tests.swift */,
				9F33B41426A0868F004DA60D /* Info.plist */,
			);
			path = practice2Tests;
			sourceTree = "<group>";
		};
		9F33B41C26A0868F004DA60D /* practice2UITests */ = {
			isa = PBXGroup;
			children = (
				9F33B41D26A0868F004DA60D /* practice2UITests.swift */,
				9F33B41F26A0868F004DA60D /* Info.plist */,
			);
			path = practice2UITests;
			sourceTree = "<group>";
		};
		9F33B42F26A08D4B004DA60D /* Cells */ = {
			isa = PBXGroup;
			children = (
				9F9EFC3226B3203D0072E402 /* cellProtocol.swift */,
				9F33B43026A0903F004DA60D /* FirstType */,
				9F33B43526A09066004DA60D /* SecondType */,
				9F57DCEE26A2A007009FDF36 /* ThirdType */,
			);
			path = Cells;
			sourceTree = "<group>";
		};
		9F33B43026A0903F004DA60D /* FirstType */ = {
			isa = PBXGroup;
			children = (
				9F33B42B26A08D45004DA60D /* TableViewCellFirstType.swift */,
				9F33B42C26A08D45004DA60D /* TableViewCellFirstType.xib */,
			);
			path = FirstType;
			sourceTree = "<group>";
		};
		9F33B43526A09066004DA60D /* SecondType */ = {
			isa = PBXGroup;
			children = (
				9F33B43126A09062004DA60D /* TableViewCellSecondType.swift */,
				9F33B43226A09062004DA60D /* TableViewCellSecondType.xib */,
			);
			path = SecondType;
			sourceTree = "<group>";
		};
		9F57DCEE26A2A007009FDF36 /* ThirdType */ = {
			isa = PBXGroup;
			children = (
				9F57DCEA26A2A003009FDF36 /* TableViewCellThirdType.swift */,
				9F57DCEB26A2A003009FDF36 /* TableViewCellThirdType.xib */,
				9F69A10026A60ED300BE4C71 /* CollectionViewCell.swift */,
				9F69A10126A60ED300BE4C71 /* CollectionViewCell.xib */,
			);
			path = ThirdType;
			sourceTree = "<group>";
		};
		F83F5888FBE0E3C7FBEF9FFE /* Pods */ = {
			isa = PBXGroup;
			children = (
				F6FE7BD73B83B66632358FFD /* Pods-practice2.debug.xcconfig */,
				5D88AE7B6F7699D597E8D501 /* Pods-practice2.release.xcconfig */,
				90AF0B28EFF479814C504AB7 /* Pods-practice2-practice2UITests.debug.xcconfig */,
				093A9FE164E4746CE953044F /* Pods-practice2-practice2UITests.release.xcconfig */,
				CBE25F71382A66716F715274 /* Pods-practice2Tests.debug.xcconfig */,
				DEEF10350F06CADD23AEE8BF /* Pods-practice2Tests.release.xcconfig */,
			);
			path = Pods;
			sourceTree = "<group>";
		};
/* End PBXGroup section */

/* Begin PBXNativeTarget section */
		9F33B3F726A0868B004DA60D /* practice2 */ = {
			isa = PBXNativeTarget;
			buildConfigurationList = 9F33B42226A0868F004DA60D /* Build configuration list for PBXNativeTarget "practice2" */;
			buildPhases = (
				9F9DA0C126C230CF00D06CD5 /* ShellScript */,
				76147A6447DE42EF46830194 /* [CP] Check Pods Manifest.lock */,
				9F33B3F426A0868B004DA60D /* Sources */,
				9F33B3F526A0868B004DA60D /* Frameworks */,
				9F33B3F626A0868B004DA60D /* Resources */,
			);
			buildRules = (
			);
			dependencies = (
			);
			name = practice2;
			productName = practice2;
			productReference = 9F33B3F826A0868B004DA60D /* practice2.app */;
			productType = "com.apple.product-type.application";
		};
		9F33B40D26A0868F004DA60D /* practice2Tests */ = {
			isa = PBXNativeTarget;
			buildConfigurationList = 9F33B42526A0868F004DA60D /* Build configuration list for PBXNativeTarget "practice2Tests" */;
			buildPhases = (
				8DC1B4C615871872F1C13E1D /* [CP] Check Pods Manifest.lock */,
				9F33B40A26A0868F004DA60D /* Sources */,
				9F33B40B26A0868F004DA60D /* Frameworks */,
				9F33B40C26A0868F004DA60D /* Resources */,
			);
			buildRules = (
			);
			dependencies = (
				9F33B41026A0868F004DA60D /* PBXTargetDependency */,
			);
			name = practice2Tests;
			productName = practice2Tests;
			productReference = 9F33B40E26A0868F004DA60D /* practice2Tests.xctest */;
			productType = "com.apple.product-type.bundle.unit-test";
		};
		9F33B41826A0868F004DA60D /* practice2UITests */ = {
			isa = PBXNativeTarget;
			buildConfigurationList = 9F33B42826A0868F004DA60D /* Build configuration list for PBXNativeTarget "practice2UITests" */;
			buildPhases = (
				5D106FC76DC86C2C725C9FB3 /* [CP] Check Pods Manifest.lock */,
				9F33B41526A0868F004DA60D /* Sources */,
				9F33B41626A0868F004DA60D /* Frameworks */,
				9F33B41726A0868F004DA60D /* Resources */,
			);
			buildRules = (
			);
			dependencies = (
				9F33B41B26A0868F004DA60D /* PBXTargetDependency */,
			);
			name = practice2UITests;
			productName = practice2UITests;
			productReference = 9F33B41926A0868F004DA60D /* practice2UITests.xctest */;
			productType = "com.apple.product-type.bundle.ui-testing";
		};
/* End PBXNativeTarget section */

/* Begin PBXProject section */
		9F33B3F026A0868B004DA60D /* Project object */ = {
			isa = PBXProject;
			attributes = {
				LastSwiftUpdateCheck = 1250;
				LastUpgradeCheck = 1250;
				TargetAttributes = {
					9F33B3F726A0868B004DA60D = {
						CreatedOnToolsVersion = 12.5.1;
					};
					9F33B40D26A0868F004DA60D = {
						CreatedOnToolsVersion = 12.5.1;
						TestTargetID = 9F33B3F726A0868B004DA60D;
					};
					9F33B41826A0868F004DA60D = {
						CreatedOnToolsVersion = 12.5.1;
						TestTargetID = 9F33B3F726A0868B004DA60D;
					};
				};
			};
			buildConfigurationList = 9F33B3F326A0868B004DA60D /* Build configuration list for PBXProject "practice2" */;
			compatibilityVersion = "Xcode 9.3";
			developmentRegion = en;
			hasScannedForEncodings = 0;
			knownRegions = (
				en,
				Base,
			);
			mainGroup = 9F33B3EF26A0868B004DA60D;
			productRefGroup = 9F33B3F926A0868B004DA60D /* Products */;
			projectDirPath = "";
			projectRoot = "";
			targets = (
				9F33B3F726A0868B004DA60D /* practice2 */,
				9F33B40D26A0868F004DA60D /* practice2Tests */,
				9F33B41826A0868F004DA60D /* practice2UITests */,
			);
		};
/* End PBXProject section */

/* Begin PBXResourcesBuildPhase section */
		9F33B3F626A0868B004DA60D /* Resources */ = {
			isa = PBXResourcesBuildPhase;
			buildActionMask = 2147483647;
			files = (
				9F33B43426A09062004DA60D /* TableViewCellSecondType.xib in Resources */,
				9F69A10326A60ED300BE4C71 /* CollectionViewCell.xib in Resources */,
				9F33B40826A0868E004DA60D /* LaunchScreen.storyboard in Resources */,
				9F33B42E26A08D45004DA60D /* TableViewCellFirstType.xib in Resources */,
				9F33B40526A0868E004DA60D /* Assets.xcassets in Resources */,
				9F33B40326A0868B004DA60D /* Main.storyboard in Resources */,
				9F57DCED26A2A003009FDF36 /* TableViewCellThirdType.xib in Resources */,
			);
			runOnlyForDeploymentPostprocessing = 0;
		};
		9F33B40C26A0868F004DA60D /* Resources */ = {
			isa = PBXResourcesBuildPhase;
			buildActionMask = 2147483647;
			files = (
			);
			runOnlyForDeploymentPostprocessing = 0;
		};
		9F33B41726A0868F004DA60D /* Resources */ = {
			isa = PBXResourcesBuildPhase;
			buildActionMask = 2147483647;
			files = (
			);
			runOnlyForDeploymentPostprocessing = 0;
		};
/* End PBXResourcesBuildPhase section */

/* Begin PBXShellScriptBuildPhase section */
		5D106FC76DC86C2C725C9FB3 /* [CP] Check Pods Manifest.lock */ = {
			isa = PBXShellScriptBuildPhase;
			buildActionMask = 2147483647;
			files = (
			);
			inputFileListPaths = (
			);
			inputPaths = (
				"${PODS_PODFILE_DIR_PATH}/Podfile.lock",
				"${PODS_ROOT}/Manifest.lock",
			);
			name = "[CP] Check Pods Manifest.lock";
			outputFileListPaths = (
			);
			outputPaths = (
				"$(DERIVED_FILE_DIR)/Pods-practice2-practice2UITests-checkManifestLockResult.txt",
			);
			runOnlyForDeploymentPostprocessing = 0;
			shellPath = /bin/sh;
			shellScript = "diff \"${PODS_PODFILE_DIR_PATH}/Podfile.lock\" \"${PODS_ROOT}/Manifest.lock\" > /dev/null\nif [ $? != 0 ] ; then\n    # print error to STDERR\n    echo \"error: The sandbox is not in sync with the Podfile.lock. Run 'pod install' or update your CocoaPods installation.\" >&2\n    exit 1\nfi\n# This output is used by Xcode 'outputs' to avoid re-running this script phase.\necho \"SUCCESS\" > \"${SCRIPT_OUTPUT_FILE_0}\"\n";
			showEnvVarsInLog = 0;
		};
		76147A6447DE42EF46830194 /* [CP] Check Pods Manifest.lock */ = {
			isa = PBXShellScriptBuildPhase;
			buildActionMask = 2147483647;
			files = (
			);
			inputFileListPaths = (
			);
			inputPaths = (
				"${PODS_PODFILE_DIR_PATH}/Podfile.lock",
				"${PODS_ROOT}/Manifest.lock",
			);
			name = "[CP] Check Pods Manifest.lock";
			outputFileListPaths = (
			);
			outputPaths = (
				"$(DERIVED_FILE_DIR)/Pods-practice2-checkManifestLockResult.txt",
			);
			runOnlyForDeploymentPostprocessing = 0;
			shellPath = /bin/sh;
			shellScript = "diff \"${PODS_PODFILE_DIR_PATH}/Podfile.lock\" \"${PODS_ROOT}/Manifest.lock\" > /dev/null\nif [ $? != 0 ] ; then\n    # print error to STDERR\n    echo \"error: The sandbox is not in sync with the Podfile.lock. Run 'pod install' or update your CocoaPods installation.\" >&2\n    exit 1\nfi\n# This output is used by Xcode 'outputs' to avoid re-running this script phase.\necho \"SUCCESS\" > \"${SCRIPT_OUTPUT_FILE_0}\"\n";
			showEnvVarsInLog = 0;
		};
		8DC1B4C615871872F1C13E1D /* [CP] Check Pods Manifest.lock */ = {
			isa = PBXShellScriptBuildPhase;
			buildActionMask = 2147483647;
			files = (
			);
			inputFileListPaths = (
			);
			inputPaths = (
				"${PODS_PODFILE_DIR_PATH}/Podfile.lock",
				"${PODS_ROOT}/Manifest.lock",
			);
			name = "[CP] Check Pods Manifest.lock";
			outputFileListPaths = (
			);
			outputPaths = (
				"$(DERIVED_FILE_DIR)/Pods-practice2Tests-checkManifestLockResult.txt",
			);
			runOnlyForDeploymentPostprocessing = 0;
			shellPath = /bin/sh;
			shellScript = "diff \"${PODS_PODFILE_DIR_PATH}/Podfile.lock\" \"${PODS_ROOT}/Manifest.lock\" > /dev/null\nif [ $? != 0 ] ; then\n    # print error to STDERR\n    echo \"error: The sandbox is not in sync with the Podfile.lock. Run 'pod install' or update your CocoaPods installation.\" >&2\n    exit 1\nfi\n# This output is used by Xcode 'outputs' to avoid re-running this script phase.\necho \"SUCCESS\" > \"${SCRIPT_OUTPUT_FILE_0}\"\n";
			showEnvVarsInLog = 0;
		};
		9F9DA0C126C230CF00D06CD5 /* ShellScript */ = {
			isa = PBXShellScriptBuildPhase;
			buildActionMask = 2147483647;
			files = (
			);
			inputFileListPaths = (
			);
			inputPaths = (
			);
			outputFileListPaths = (
			);
			outputPaths = (
			);
			runOnlyForDeploymentPostprocessing = 0;
			shellPath = /bin/sh;
			shellScript = "\"${PODS_ROOT}/SwiftLint/swiftlint\"\n";
		};
/* End PBXShellScriptBuildPhase section */

/* Begin PBXSourcesBuildPhase section */
		9F33B3F426A0868B004DA60D /* Sources */ = {
			isa = PBXSourcesBuildPhase;
			buildActionMask = 2147483647;
			files = (
				9F33B40026A0868B004DA60D /* ViewController.swift in Sources */,
				9F33B42D26A08D45004DA60D /* TableViewCellFirstType.swift in Sources */,
				9F33B3FC26A0868B004DA60D /* AppDelegate.swift in Sources */,
				9F82BBDE26AF3F4A0025F6C2 /* NetWorking.swift in Sources */,
				9F69A10226A60ED300BE4C71 /* CollectionViewCell.swift in Sources */,
				9F33B3FE26A0868B004DA60D /* SceneDelegate.swift in Sources */,
				9F33B43326A09062004DA60D /* TableViewCellSecondType.swift in Sources */,
				9F91DECD26B12212003A96E7 /* NetWorkData.swift in Sources */,
				9F57DCEC26A2A003009FDF36 /* TableViewCellThirdType.swift in Sources */,
				9F9EFC3326B3203D0072E402 /* cellProtocol.swift in Sources */,
			);
			runOnlyForDeploymentPostprocessing = 0;
		};
		9F33B40A26A0868F004DA60D /* Sources */ = {
			isa = PBXSourcesBuildPhase;
			buildActionMask = 2147483647;
			files = (
				9F33B41326A0868F004DA60D /* practice2Tests.swift in Sources */,
			);
			runOnlyForDeploymentPostprocessing = 0;
		};
		9F33B41526A0868F004DA60D /* Sources */ = {
			isa = PBXSourcesBuildPhase;
			buildActionMask = 2147483647;
			files = (
				9F33B41E26A0868F004DA60D /* practice2UITests.swift in Sources */,
			);
			runOnlyForDeploymentPostprocessing = 0;
		};
/* End PBXSourcesBuildPhase section */

/* Begin PBXTargetDependency section */
		9F33B41026A0868F004DA60D /* PBXTargetDependency */ = {
			isa = PBXTargetDependency;
			target = 9F33B3F726A0868B004DA60D /* practice2 */;
			targetProxy = 9F33B40F26A0868F004DA60D /* PBXContainerItemProxy */;
		};
		9F33B41B26A0868F004DA60D /* PBXTargetDependency */ = {
			isa = PBXTargetDependency;
			target = 9F33B3F726A0868B004DA60D /* practice2 */;
			targetProxy = 9F33B41A26A0868F004DA60D /* PBXContainerItemProxy */;
		};
/* End PBXTargetDependency section */

/* Begin PBXVariantGroup section */
		9F33B40126A0868B004DA60D /* Main.storyboard */ = {
			isa = PBXVariantGroup;
			children = (
				9F33B40226A0868B004DA60D /* Base */,
			);
			name = Main.storyboard;
			sourceTree = "<group>";
		};
		9F33B40626A0868E004DA60D /* LaunchScreen.storyboard */ = {
			isa = PBXVariantGroup;
			children = (
				9F33B40726A0868E004DA60D /* Base */,
			);
			name = LaunchScreen.storyboard;
			sourceTree = "<group>";
		};
/* End PBXVariantGroup section */

/* Begin XCBuildConfiguration section */
		9F33B42026A0868F004DA60D /* Debug */ = {
			isa = XCBuildConfiguration;
			buildSettings = {
				ALWAYS_SEARCH_USER_PATHS = NO;
				CLANG_ANALYZER_NONNULL = YES;
				CLANG_ANALYZER_NUMBER_OBJECT_CONVERSION = YES_AGGRESSIVE;
				CLANG_CXX_LANGUAGE_STANDARD = "gnu++14";
				CLANG_CXX_LIBRARY = "libc++";
				CLANG_ENABLE_MODULES = YES;
				CLANG_ENABLE_OBJC_ARC = YES;
				CLANG_ENABLE_OBJC_WEAK = YES;
				CLANG_WARN_BLOCK_CAPTURE_AUTORELEASING = YES;
				CLANG_WARN_BOOL_CONVERSION = YES;
				CLANG_WARN_COMMA = YES;
				CLANG_WARN_CONSTANT_CONVERSION = YES;
				CLANG_WARN_DEPRECATED_OBJC_IMPLEMENTATIONS = YES;
				CLANG_WARN_DIRECT_OBJC_ISA_USAGE = YES_ERROR;
				CLANG_WARN_DOCUMENTATION_COMMENTS = YES;
				CLANG_WARN_EMPTY_BODY = YES;
				CLANG_WARN_ENUM_CONVERSION = YES;
				CLANG_WARN_INFINITE_RECURSION = YES;
				CLANG_WARN_INT_CONVERSION = YES;
				CLANG_WARN_NON_LITERAL_NULL_CONVERSION = YES;
				CLANG_WARN_OBJC_IMPLICIT_RETAIN_SELF = YES;
				CLANG_WARN_OBJC_LITERAL_CONVERSION = YES;
				CLANG_WARN_OBJC_ROOT_CLASS = YES_ERROR;
				CLANG_WARN_QUOTED_INCLUDE_IN_FRAMEWORK_HEADER = YES;
				CLANG_WARN_RANGE_LOOP_ANALYSIS = YES;
				CLANG_WARN_STRICT_PROTOTYPES = YES;
				CLANG_WARN_SUSPICIOUS_MOVE = YES;
				CLANG_WARN_UNGUARDED_AVAILABILITY = YES_AGGRESSIVE;
				CLANG_WARN_UNREACHABLE_CODE = YES;
				CLANG_WARN__DUPLICATE_METHOD_MATCH = YES;
				COPY_PHASE_STRIP = NO;
				DEBUG_INFORMATION_FORMAT = dwarf;
				ENABLE_STRICT_OBJC_MSGSEND = YES;
				ENABLE_TESTABILITY = YES;
				GCC_C_LANGUAGE_STANDARD = gnu11;
				GCC_DYNAMIC_NO_PIC = NO;
				GCC_NO_COMMON_BLOCKS = YES;
				GCC_OPTIMIZATION_LEVEL = 0;
				GCC_PREPROCESSOR_DEFINITIONS = (
					"DEBUG=1",
					"$(inherited)",
				);
				GCC_WARN_64_TO_32_BIT_CONVERSION = YES;
				GCC_WARN_ABOUT_RETURN_TYPE = YES_ERROR;
				GCC_WARN_UNDECLARED_SELECTOR = YES;
				GCC_WARN_UNINITIALIZED_AUTOS = YES_AGGRESSIVE;
				GCC_WARN_UNUSED_FUNCTION = YES;
				GCC_WARN_UNUSED_VARIABLE = YES;
				IPHONEOS_DEPLOYMENT_TARGET = 14.5;
				MTL_ENABLE_DEBUG_INFO = INCLUDE_SOURCE;
				MTL_FAST_MATH = YES;
				ONLY_ACTIVE_ARCH = YES;
				SDKROOT = iphoneos;
				SWIFT_ACTIVE_COMPILATION_CONDITIONS = DEBUG;
				SWIFT_OPTIMIZATION_LEVEL = "-Onone";
			};
			name = Debug;
		};
		9F33B42126A0868F004DA60D /* Release */ = {
			isa = XCBuildConfiguration;
			buildSettings = {
				ALWAYS_SEARCH_USER_PATHS = NO;
				CLANG_ANALYZER_NONNULL = YES;
				CLANG_ANALYZER_NUMBER_OBJECT_CONVERSION = YES_AGGRESSIVE;
				CLANG_CXX_LANGUAGE_STANDARD = "gnu++14";
				CLANG_CXX_LIBRARY = "libc++";
				CLANG_ENABLE_MODULES = YES;
				CLANG_ENABLE_OBJC_ARC = YES;
				CLANG_ENABLE_OBJC_WEAK = YES;
				CLANG_WARN_BLOCK_CAPTURE_AUTORELEASING = YES;
				CLANG_WARN_BOOL_CONVERSION = YES;
				CLANG_WARN_COMMA = YES;
				CLANG_WARN_CONSTANT_CONVERSION = YES;
				CLANG_WARN_DEPRECATED_OBJC_IMPLEMENTATIONS = YES;
				CLANG_WARN_DIRECT_OBJC_ISA_USAGE = YES_ERROR;
				CLANG_WARN_DOCUMENTATION_COMMENTS = YES;
				CLANG_WARN_EMPTY_BODY = YES;
				CLANG_WARN_ENUM_CONVERSION = YES;
				CLANG_WARN_INFINITE_RECURSION = YES;
				CLANG_WARN_INT_CONVERSION = YES;
				CLANG_WARN_NON_LITERAL_NULL_CONVERSION = YES;
				CLANG_WARN_OBJC_IMPLICIT_RETAIN_SELF = YES;
				CLANG_WARN_OBJC_LITERAL_CONVERSION = YES;
				CLANG_WARN_OBJC_ROOT_CLASS = YES_ERROR;
				CLANG_WARN_QUOTED_INCLUDE_IN_FRAMEWORK_HEADER = YES;
				CLANG_WARN_RANGE_LOOP_ANALYSIS = YES;
				CLANG_WARN_STRICT_PROTOTYPES = YES;
				CLANG_WARN_SUSPICIOUS_MOVE = YES;
				CLANG_WARN_UNGUARDED_AVAILABILITY = YES_AGGRESSIVE;
				CLANG_WARN_UNREACHABLE_CODE = YES;
				CLANG_WARN__DUPLICATE_METHOD_MATCH = YES;
				COPY_PHASE_STRIP = NO;
				DEBUG_INFORMATION_FORMAT = "dwarf-with-dsym";
				ENABLE_NS_ASSERTIONS = NO;
				ENABLE_STRICT_OBJC_MSGSEND = YES;
				GCC_C_LANGUAGE_STANDARD = gnu11;
				GCC_NO_COMMON_BLOCKS = YES;
				GCC_WARN_64_TO_32_BIT_CONVERSION = YES;
				GCC_WARN_ABOUT_RETURN_TYPE = YES_ERROR;
				GCC_WARN_UNDECLARED_SELECTOR = YES;
				GCC_WARN_UNINITIALIZED_AUTOS = YES_AGGRESSIVE;
				GCC_WARN_UNUSED_FUNCTION = YES;
				GCC_WARN_UNUSED_VARIABLE = YES;
				IPHONEOS_DEPLOYMENT_TARGET = 14.5;
				MTL_ENABLE_DEBUG_INFO = NO;
				MTL_FAST_MATH = YES;
				SDKROOT = iphoneos;
				SWIFT_COMPILATION_MODE = wholemodule;
				SWIFT_OPTIMIZATION_LEVEL = "-O";
				VALIDATE_PRODUCT = YES;
			};
			name = Release;
		};
		9F33B42326A0868F004DA60D /* Debug */ = {
			isa = XCBuildConfiguration;
			baseConfigurationReference = F6FE7BD73B83B66632358FFD /* Pods-practice2.debug.xcconfig */;
			buildSettings = {
				ASSETCATALOG_COMPILER_APPICON_NAME = AppIcon;
				ASSETCATALOG_COMPILER_GLOBAL_ACCENT_COLOR_NAME = AccentColor;
				CODE_SIGN_STYLE = Automatic;
				DEVELOPMENT_TEAM = ZGTTQM4FA8;
				INFOPLIST_FILE = practice2/Info.plist;
				IPHONEOS_DEPLOYMENT_TARGET = 14.3;
				LD_RUNPATH_SEARCH_PATHS = (
					"$(inherited)",
					"@executable_path/Frameworks",
				);
				PRODUCT_BUNDLE_IDENTIFIER = PersonalTeam.practice2;
				PRODUCT_NAME = "$(TARGET_NAME)";
				SWIFT_VERSION = 5.0;
				TARGETED_DEVICE_FAMILY = "1,2";
			};
			name = Debug;
		};
		9F33B42426A0868F004DA60D /* Release */ = {
			isa = XCBuildConfiguration;
			baseConfigurationReference = 5D88AE7B6F7699D597E8D501 /* Pods-practice2.release.xcconfig */;
			buildSettings = {
				ASSETCATALOG_COMPILER_APPICON_NAME = AppIcon;
				ASSETCATALOG_COMPILER_GLOBAL_ACCENT_COLOR_NAME = AccentColor;
				CODE_SIGN_STYLE = Automatic;
				DEVELOPMENT_TEAM = ZGTTQM4FA8;
				INFOPLIST_FILE = practice2/Info.plist;
				IPHONEOS_DEPLOYMENT_TARGET = 14.3;
				LD_RUNPATH_SEARCH_PATHS = (
					"$(inherited)",
					"@executable_path/Frameworks",
				);
				PRODUCT_BUNDLE_IDENTIFIER = PersonalTeam.practice2;
				PRODUCT_NAME = "$(TARGET_NAME)";
				SWIFT_VERSION = 5.0;
				TARGETED_DEVICE_FAMILY = "1,2";
			};
			name = Release;
		};
		9F33B42626A0868F004DA60D /* Debug */ = {
			isa = XCBuildConfiguration;
			baseConfigurationReference = CBE25F71382A66716F715274 /* Pods-practice2Tests.debug.xcconfig */;
			buildSettings = {
				ALWAYS_EMBED_SWIFT_STANDARD_LIBRARIES = YES;
				BUNDLE_LOADER = "$(TEST_HOST)";
				CODE_SIGN_STYLE = Automatic;
				DEVELOPMENT_TEAM = ZGTTQM4FA8;
				INFOPLIST_FILE = practice2Tests/Info.plist;
				IPHONEOS_DEPLOYMENT_TARGET = 14.5;
				LD_RUNPATH_SEARCH_PATHS = (
					"$(inherited)",
					"@executable_path/Frameworks",
					"@loader_path/Frameworks",
				);
				PRODUCT_BUNDLE_IDENTIFIER = PersonalTeam.practice2Tests;
				PRODUCT_NAME = "$(TARGET_NAME)";
				SWIFT_VERSION = 5.0;
				TARGETED_DEVICE_FAMILY = "1,2";
				TEST_HOST = "$(BUILT_PRODUCTS_DIR)/practice2.app/practice2";
			};
			name = Debug;
		};
		9F33B42726A0868F004DA60D /* Release */ = {
			isa = XCBuildConfiguration;
			baseConfigurationReference = DEEF10350F06CADD23AEE8BF /* Pods-practice2Tests.release.xcconfig */;
			buildSettings = {
				ALWAYS_EMBED_SWIFT_STANDARD_LIBRARIES = YES;
				BUNDLE_LOADER = "$(TEST_HOST)";
				CODE_SIGN_STYLE = Automatic;
				DEVELOPMENT_TEAM = ZGTTQM4FA8;
				INFOPLIST_FILE = practice2Tests/Info.plist;
				IPHONEOS_DEPLOYMENT_TARGET = 14.5;
				LD_RUNPATH_SEARCH_PATHS = (
					"$(inherited)",
					"@executable_path/Frameworks",
					"@loader_path/Frameworks",
				);
				PRODUCT_BUNDLE_IDENTIFIER = PersonalTeam.practice2Tests;
				PRODUCT_NAME = "$(TARGET_NAME)";
				SWIFT_VERSION = 5.0;
				TARGETED_DEVICE_FAMILY = "1,2";
				TEST_HOST = "$(BUILT_PRODUCTS_DIR)/practice2.app/practice2";
			};
			name = Release;
		};
		9F33B42926A0868F004DA60D /* Debug */ = {
			isa = XCBuildConfiguration;
			baseConfigurationReference = 90AF0B28EFF479814C504AB7 /* Pods-practice2-practice2UITests.debug.xcconfig */;
			buildSettings = {
				ALWAYS_EMBED_SWIFT_STANDARD_LIBRARIES = YES;
				CODE_SIGN_STYLE = Automatic;
				DEVELOPMENT_TEAM = ZGTTQM4FA8;
				INFOPLIST_FILE = practice2UITests/Info.plist;
				LD_RUNPATH_SEARCH_PATHS = (
					"$(inherited)",
					"@executable_path/Frameworks",
					"@loader_path/Frameworks",
				);
				PRODUCT_BUNDLE_IDENTIFIER = PersonalTeam.practice2UITests;
				PRODUCT_NAME = "$(TARGET_NAME)";
				SWIFT_VERSION = 5.0;
				TARGETED_DEVICE_FAMILY = "1,2";
				TEST_TARGET_NAME = practice2;
			};
			name = Debug;
		};
		9F33B42A26A0868F004DA60D /* Release */ = {
			isa = XCBuildConfiguration;
			baseConfigurationReference = 093A9FE164E4746CE953044F /* Pods-practice2-practice2UITests.release.xcconfig */;
			buildSettings = {
				ALWAYS_EMBED_SWIFT_STANDARD_LIBRARIES = YES;
				CODE_SIGN_STYLE = Automatic;
				DEVELOPMENT_TEAM = ZGTTQM4FA8;
				INFOPLIST_FILE = practice2UITests/Info.plist;
				LD_RUNPATH_SEARCH_PATHS = (
					"$(inherited)",
					"@executable_path/Frameworks",
					"@loader_path/Frameworks",
				);
				PRODUCT_BUNDLE_IDENTIFIER = PersonalTeam.practice2UITests;
				PRODUCT_NAME = "$(TARGET_NAME)";
				SWIFT_VERSION = 5.0;
				TARGETED_DEVICE_FAMILY = "1,2";
				TEST_TARGET_NAME = practice2;
			};
			name = Release;
		};
/* End XCBuildConfiguration section */

/* Begin XCConfigurationList section */
		9F33B3F326A0868B004DA60D /* Build configuration list for PBXProject "practice2" */ = {
			isa = XCConfigurationList;
			buildConfigurations = (
				9F33B42026A0868F004DA60D /* Debug */,
				9F33B42126A0868F004DA60D /* Release */,
			);
			defaultConfigurationIsVisible = 0;
			defaultConfigurationName = Release;
		};
		9F33B42226A0868F004DA60D /* Build configuration list for PBXNativeTarget "practice2" */ = {
			isa = XCConfigurationList;
			buildConfigurations = (
				9F33B42326A0868F004DA60D /* Debug */,
				9F33B42426A0868F004DA60D /* Release */,
			);
			defaultConfigurationIsVisible = 0;
			defaultConfigurationName = Release;
		};
		9F33B42526A0868F004DA60D /* Build configuration list for PBXNativeTarget "practice2Tests" */ = {
			isa = XCConfigurationList;
			buildConfigurations = (
				9F33B42626A0868F004DA60D /* Debug */,
				9F33B42726A0868F004DA60D /* Release */,
			);
			defaultConfigurationIsVisible = 0;
			defaultConfigurationName = Release;
		};
		9F33B42826A0868F004DA60D /* Build configuration list for PBXNativeTarget "practice2UITests" */ = {
			isa = XCConfigurationList;
			buildConfigurations = (
				9F33B42926A0868F004DA60D /* Debug */,
				9F33B42A26A0868F004DA60D /* Release */,
			);
			defaultConfigurationIsVisible = 0;
			defaultConfigurationName = Release;
		};
/* End XCConfigurationList section */
	};
	rootObject = 9F33B3F026A0868B004DA60D /* Project object */;
}
